// !$*UTF8*$!
{
	archiveVersion = 1;
	classes = {
	};
	objectVersion = 50;
	objects = {

/* Begin PBXBuildFile section */
		744F556E26F2DF7D00ECBBF6 /* ContactBoard.storyboard in Resources */ = {isa = PBXBuildFile; fileRef = 744F556C26F2DF7D00ECBBF6 /* ContactBoard.storyboard */; };
		744F556F26F2DF7D00ECBBF6 /* ContactViewController.swift in Sources */ = {isa = PBXBuildFile; fileRef = 744F556D26F2DF7D00ECBBF6 /* ContactViewController.swift */; };
		744F557126F2DFD900ECBBF6 /* DetailedBoard.storyboard in Resources */ = {isa = PBXBuildFile; fileRef = 744F557026F2DFD900ECBBF6 /* DetailedBoard.storyboard */; };
		744F557326F2DFEB00ECBBF6 /* DetailedViewController.swift in Sources */ = {isa = PBXBuildFile; fileRef = 744F557226F2DFEB00ECBBF6 /* DetailedViewController.swift */; };
		74749F9D26E58DE40070D920 /* AppDelegate.swift in Sources */ = {isa = PBXBuildFile; fileRef = 74749F9C26E58DE40070D920 /* AppDelegate.swift */; };
		74749F9F26E58DE40070D920 /* SceneDelegate.swift in Sources */ = {isa = PBXBuildFile; fileRef = 74749F9E26E58DE40070D920 /* SceneDelegate.swift */; };
		74749FA126E58DE40070D920 /* ViewController.swift in Sources */ = {isa = PBXBuildFile; fileRef = 74749FA026E58DE40070D920 /* ViewController.swift */; };
		74749FA426E58DE40070D920 /* Main.storyboard in Resources */ = {isa = PBXBuildFile; fileRef = 74749FA226E58DE40070D920 /* Main.storyboard */; };
		74749FA626E58DE50070D920 /* Assets.xcassets in Resources */ = {isa = PBXBuildFile; fileRef = 74749FA526E58DE50070D920 /* Assets.xcassets */; };
		74749FA926E58DE50070D920 /* LaunchScreen.storyboard in Resources */ = {isa = PBXBuildFile; fileRef = 74749FA726E58DE50070D920 /* LaunchScreen.storyboard */; };
		74749FB126EADCF60070D920 /* AdminBoard.storyboard in Resources */ = {isa = PBXBuildFile; fileRef = 74749FB026EADCF60070D920 /* AdminBoard.storyboard */; };
		74749FB326EADDA40070D920 /* AdminViewController.swift in Sources */ = {isa = PBXBuildFile; fileRef = 74749FB226EADDA40070D920 /* AdminViewController.swift */; };
		74B4297726F6DDA700739383 /* Draw.swift in Sources */ = {isa = PBXBuildFile; fileRef = 74B4297626F6DDA700739383 /* Draw.swift */; };
		74B4297926F6DDD700739383 /* Draw_board.storyboard in Resources */ = {isa = PBXBuildFile; fileRef = 74B4297826F6DDD700739383 /* Draw_board.storyboard */; };
/* End PBXBuildFile section */

/* Begin PBXFileReference section */
		744F556C26F2DF7D00ECBBF6 /* ContactBoard.storyboard */ = {isa = PBXFileReference; fileEncoding = 4; lastKnownFileType = file.storyboard; path = ContactBoard.storyboard; sourceTree = "<group>"; };
		744F556D26F2DF7D00ECBBF6 /* ContactViewController.swift */ = {isa = PBXFileReference; fileEncoding = 4; lastKnownFileType = sourcecode.swift; path = ContactViewController.swift; sourceTree = "<group>"; };
		744F557026F2DFD900ECBBF6 /* DetailedBoard.storyboard */ = {isa = PBXFileReference; lastKnownFileType = file.storyboard; path = DetailedBoard.storyboard; sourceTree = "<group>"; };
		744F557226F2DFEB00ECBBF6 /* DetailedViewController.swift */ = {isa = PBXFileReference; lastKnownFileType = sourcecode.swift; path = DetailedViewController.swift; sourceTree = "<group>"; };
		74749F9926E58DE40070D920 /* L1.app */ = {isa = PBXFileReference; explicitFileType = wrapper.application; includeInIndex = 0; path = L1.app; sourceTree = BUILT_PRODUCTS_DIR; };
		74749F9C26E58DE40070D920 /* AppDelegate.swift */ = {isa = PBXFileReference; lastKnownFileType = sourcecode.swift; path = AppDelegate.swift; sourceTree = "<group>"; };
		74749F9E26E58DE40070D920 /* SceneDelegate.swift */ = {isa = PBXFileReference; lastKnownFileType = sourcecode.swift; path = SceneDelegate.swift; sourceTree = "<group>"; };
		74749FA026E58DE40070D920 /* ViewController.swift */ = {isa = PBXFileReference; lastKnownFileType = sourcecode.swift; path = ViewController.swift; sourceTree = "<group>"; };
		74749FA326E58DE40070D920 /* Base */ = {isa = PBXFileReference; lastKnownFileType = file.storyboard; name = Base; path = Base.lproj/Main.storyboard; sourceTree = "<group>"; };
		74749FA526E58DE50070D920 /* Assets.xcassets */ = {isa = PBXFileReference; lastKnownFileType = folder.assetcatalog; path = Assets.xcassets; sourceTree = "<group>"; };
		74749FA826E58DE50070D920 /* Base */ = {isa = PBXFileReference; lastKnownFileType = file.storyboard; name = Base; path = Base.lproj/LaunchScreen.storyboard; sourceTree = "<group>"; };
		74749FAA26E58DE50070D920 /* Info.plist */ = {isa = PBXFileReference; lastKnownFileType = text.plist.xml; path = Info.plist; sourceTree = "<group>"; };
		74749FB026EADCF60070D920 /* AdminBoard.storyboard */ = {isa = PBXFileReference; lastKnownFileType = file.storyboard; path = AdminBoard.storyboard; sourceTree = "<group>"; };
		74749FB226EADDA40070D920 /* AdminViewController.swift */ = {isa = PBXFileReference; lastKnownFileType = sourcecode.swift; path = AdminViewController.swift; sourceTree = "<group>"; };
		74B4297626F6DDA700739383 /* Draw.swift */ = {isa = PBXFileReference; lastKnownFileType = sourcecode.swift; path = Draw.swift; sourceTree = "<group>"; };
		74B4297826F6DDD700739383 /* Draw_board.storyboard */ = {isa = PBXFileReference; lastKnownFileType = file.storyboard; path = Draw_board.storyboard; sourceTree = "<group>"; };
/* End PBXFileReference section */

/* Begin PBXFrameworksBuildPhase section */
		74749F9626E58DE40070D920 /* Frameworks */ = {
			isa = PBXFrameworksBuildPhase;
			buildActionMask = 2147483647;
			files = (
			);
			runOnlyForDeploymentPostprocessing = 0;
		};
/* End PBXFrameworksBuildPhase section */

/* Begin PBXGroup section */
		744F557426F2E18500ECBBF6 /* DetailedBoard */ = {
			isa = PBXGroup;
			children = (
				744F557026F2DFD900ECBBF6 /* DetailedBoard.storyboard */,
				744F557226F2DFEB00ECBBF6 /* DetailedViewController.swift */,
			);
			path = DetailedBoard;
			sourceTree = "<group>";
		};
		74749F9026E58DE40070D920 = {
			isa = PBXGroup;
			children = (
				74749F9B26E58DE40070D920 /* L1 */,
				74749F9A26E58DE40070D920 /* Products */,
			);
			sourceTree = "<group>";
		};
		74749F9A26E58DE40070D920 /* Products */ = {
			isa = PBXGroup;
			children = (
				74749F9926E58DE40070D920 /* L1.app */,
			);
			name = Products;
			sourceTree = "<group>";
		};
		74749F9B26E58DE40070D920 /* L1 */ = {
			isa = PBXGroup;
			children = (
				744F557426F2E18500ECBBF6 /* DetailedBoard */,
				74F8F9EA26F144E100C77CC4 /* ContactBoard */,
				74749F9C26E58DE40070D920 /* AppDelegate.swift */,
				74749F9E26E58DE40070D920 /* SceneDelegate.swift */,
				74749FB526EADE370070D920 /* LoginBoard */,
				74749FB426EADDFF0070D920 /* AdminBoard */,
				74749FA526E58DE50070D920 /* Assets.xcassets */,
				74749FA726E58DE50070D920 /* LaunchScreen.storyboard */,
				74749FAA26E58DE50070D920 /* Info.plist */,
				74B4297626F6DDA700739383 /* Draw.swift */,
				74B4297826F6DDD700739383 /* Draw_board.storyboard */,
			);
			path = L1;
			sourceTree = "<group>";
		};
		74749FB426EADDFF0070D920 /* AdminBoard */ = {
			isa = PBXGroup;
			children = (
				74749FB226EADDA40070D920 /* AdminViewController.swift */,
				74749FB026EADCF60070D920 /* AdminBoard.storyboard */,
			);
			path = AdminBoard;
			sourceTree = "<group>";
		};
		74749FB526EADE370070D920 /* LoginBoard */ = {
			isa = PBXGroup;
			children = (
				74749FA026E58DE40070D920 /* ViewController.swift */,
				74749FA226E58DE40070D920 /* Main.storyboard */,
			);
			path = LoginBoard;
			sourceTree = "<group>";
		};
		74F8F9EA26F144E100C77CC4 /* ContactBoard */ = {
			isa = PBXGroup;
			children = (
				744F556C26F2DF7D00ECBBF6 /* ContactBoard.storyboard */,
				744F556D26F2DF7D00ECBBF6 /* ContactViewController.swift */,
			);
			path = ContactBoard;
			sourceTree = "<group>";
		};
/* End PBXGroup section */

/* Begin PBXNativeTarget section */
		74749F9826E58DE40070D920 /* L1 */ = {
			isa = PBXNativeTarget;
			buildConfigurationList = 74749FAD26E58DE50070D920 /* Build configuration list for PBXNativeTarget "L1" */;
			buildPhases = (
				74749F9526E58DE40070D920 /* Sources */,
				74749F9626E58DE40070D920 /* Frameworks */,
				74749F9726E58DE40070D920 /* Resources */,
			);
			buildRules = (
			);
			dependencies = (
			);
			name = L1;
			productName = L1;
			productReference = 74749F9926E58DE40070D920 /* L1.app */;
			productType = "com.apple.product-type.application";
		};
/* End PBXNativeTarget section */

/* Begin PBXProject section */
		74749F9126E58DE40070D920 /* Project object */ = {
			isa = PBXProject;
			attributes = {
				LastSwiftUpdateCheck = 1250;
				LastUpgradeCheck = 1250;
				TargetAttributes = {
					74749F9826E58DE40070D920 = {
						CreatedOnToolsVersion = 12.5.1;
					};
				};
			};
			buildConfigurationList = 74749F9426E58DE40070D920 /* Build configuration list for PBXProject "L1" */;
			compatibilityVersion = "Xcode 9.3";
			developmentRegion = en;
			hasScannedForEncodings = 0;
			knownRegions = (
				en,
				Base,
			);
			mainGroup = 74749F9026E58DE40070D920;
			productRefGroup = 74749F9A26E58DE40070D920 /* Products */;
			projectDirPath = "";
			projectRoot = "";
			targets = (
				74749F9826E58DE40070D920 /* L1 */,
			);
		};
/* End PBXProject section */

/* Begin PBXResourcesBuildPhase section */
		74749F9726E58DE40070D920 /* Resources */ = {
			isa = PBXResourcesBuildPhase;
			buildActionMask = 2147483647;
			files = (
				74749FA926E58DE50070D920 /* LaunchScreen.storyboard in Resources */,
				74B4297926F6DDD700739383 /* Draw_board.storyboard in Resources */,
				74749FB126EADCF60070D920 /* AdminBoard.storyboard in Resources */,
				744F556E26F2DF7D00ECBBF6 /* ContactBoard.storyboard in Resources */,
				74749FA626E58DE50070D920 /* Assets.xcassets in Resources */,
				74749FA426E58DE40070D920 /* Main.storyboard in Resources */,
				744F557126F2DFD900ECBBF6 /* DetailedBoard.storyboard in Resources */,
			);
			runOnlyForDeploymentPostprocessing = 0;
		};
/* End PBXResourcesBuildPhase section */

/* Begin PBXSourcesBuildPhase section */
		74749F9526E58DE40070D920 /* Sources */ = {
			isa = PBXSourcesBuildPhase;
			buildActionMask = 2147483647;
			files = (
				74B4297726F6DDA700739383 /* Draw.swift in Sources */,
				74749FB326EADDA40070D920 /* AdminViewController.swift in Sources */,
				74749FA126E58DE40070D920 /* ViewController.swift in Sources */,
				744F557326F2DFEB00ECBBF6 /* DetailedViewController.swift in Sources */,
				74749F9D26E58DE40070D920 /* AppDelegate.swift in Sources */,
				74749F9F26E58DE40070D920 /* SceneDelegate.swift in Sources */,
				744F556F26F2DF7D00ECBBF6 /* ContactViewController.swift in Sources */,
			);
			runOnlyForDeploymentPostprocessing = 0;
		};
/* End PBXSourcesBuildPhase section */

/* Begin PBXVariantGroup section */
		74749FA226E58DE40070D920 /* Main.storyboard */ = {
			isa = PBXVariantGroup;
			children = (
				74749FA326E58DE40070D920 /* Base */,
			);
			name = Main.storyboard;
			sourceTree = "<group>";
		};
		74749FA726E58DE50070D920 /* LaunchScreen.storyboard */ = {
			isa = PBXVariantGroup;
			children = (
				74749FA826E58DE50070D920 /* Base */,
			);
			name = LaunchScreen.storyboard;
			sourceTree = "<group>";
		};
/* End PBXVariantGroup section */

/* Begin XCBuildConfiguration section */
		74749FAB26E58DE50070D920 /* Debug */ = {
			isa = XCBuildConfiguration;
			buildSettings = {
				ALWAYS_SEARCH_USER_PATHS = NO;
				CLANG_ANALYZER_NONNULL = YES;
				CLANG_ANALYZER_NUMBER_OBJECT_CONVERSION = YES_AGGRESSIVE;
				CLANG_CXX_LANGUAGE_STANDARD = "gnu++14";
				CLANG_CXX_LIBRARY = "libc++";
				CLANG_ENABLE_MODULES = YES;
				CLANG_ENABLE_OBJC_ARC = YES;
				CLANG_ENABLE_OBJC_WEAK = YES;
				CLANG_WARN_BLOCK_CAPTURE_AUTORELEASING = YES;
				CLANG_WARN_BOOL_CONVERSION = YES;
				CLANG_WARN_COMMA = YES;
				CLANG_WARN_CONSTANT_CONVERSION = YES;
				CLANG_WARN_DEPRECATED_OBJC_IMPLEMENTATIONS = YES;
				CLANG_WARN_DIRECT_OBJC_ISA_USAGE = YES_ERROR;
				CLANG_WARN_DOCUMENTATION_COMMENTS = YES;
				CLANG_WARN_EMPTY_BODY = YES;
				CLANG_WARN_ENUM_CONVERSION = YES;
				CLANG_WARN_INFINITE_RECURSION = YES;
				CLANG_WARN_INT_CONVERSION = YES;
				CLANG_WARN_NON_LITERAL_NULL_CONVERSION = YES;
				CLANG_WARN_OBJC_IMPLICIT_RETAIN_SELF = YES;
				CLANG_WARN_OBJC_LITERAL_CONVERSION = YES;
				CLANG_WARN_OBJC_ROOT_CLASS = YES_ERROR;
				CLANG_WARN_QUOTED_INCLUDE_IN_FRAMEWORK_HEADER = YES;
				CLANG_WARN_RANGE_LOOP_ANALYSIS = YES;
				CLANG_WARN_STRICT_PROTOTYPES = YES;
				CLANG_WARN_SUSPICIOUS_MOVE = YES;
				CLANG_WARN_UNGUARDED_AVAILABILITY = YES_AGGRESSIVE;
				CLANG_WARN_UNREACHABLE_CODE = YES;
				CLANG_WARN__DUPLICATE_METHOD_MATCH = YES;
				COPY_PHASE_STRIP = NO;
				DEBUG_INFORMATION_FORMAT = dwarf;
				ENABLE_STRICT_OBJC_MSGSEND = YES;
				ENABLE_TESTABILITY = YES;
				GCC_C_LANGUAGE_STANDARD = gnu11;
				GCC_DYNAMIC_NO_PIC = NO;
				GCC_NO_COMMON_BLOCKS = YES;
				GCC_OPTIMIZATION_LEVEL = 0;
				GCC_PREPROCESSOR_DEFINITIONS = (
					"DEBUG=1",
					"$(inherited)",
				);
				GCC_WARN_64_TO_32_BIT_CONVERSION = YES;
				GCC_WARN_ABOUT_RETURN_TYPE = YES_ERROR;
				GCC_WARN_UNDECLARED_SELECTOR = YES;
				GCC_WARN_UNINITIALIZED_AUTOS = YES_AGGRESSIVE;
				GCC_WARN_UNUSED_FUNCTION = YES;
				GCC_WARN_UNUSED_VARIABLE = YES;
				IPHONEOS_DEPLOYMENT_TARGET = 14.5;
				MTL_ENABLE_DEBUG_INFO = INCLUDE_SOURCE;
				MTL_FAST_MATH = YES;
				ONLY_ACTIVE_ARCH = YES;
				SDKROOT = iphoneos;
				SWIFT_ACTIVE_COMPILATION_CONDITIONS = DEBUG;
				SWIFT_OPTIMIZATION_LEVEL = "-Onone";
			};
			name = Debug;
		};
		74749FAC26E58DE50070D920 /* Release */ = {
			isa = XCBuildConfiguration;
			buildSettings = {
				ALWAYS_SEARCH_USER_PATHS = NO;
				CLANG_ANALYZER_NONNULL = YES;
				CLANG_ANALYZER_NUMBER_OBJECT_CONVERSION = YES_AGGRESSIVE;
				CLANG_CXX_LANGUAGE_STANDARD = "gnu++14";
				CLANG_CXX_LIBRARY = "libc++";
				CLANG_ENABLE_MODULES = YES;
				CLANG_ENABLE_OBJC_ARC = YES;
				CLANG_ENABLE_OBJC_WEAK = YES;
				CLANG_WARN_BLOCK_CAPTURE_AUTORELEASING = YES;
				CLANG_WARN_BOOL_CONVERSION = YES;
				CLANG_WARN_COMMA = YES;
				CLANG_WARN_CONSTANT_CONVERSION = YES;
				CLANG_WARN_DEPRECATED_OBJC_IMPLEMENTATIONS = YES;
				CLANG_WARN_DIRECT_OBJC_ISA_USAGE = YES_ERROR;
				CLANG_WARN_DOCUMENTATION_COMMENTS = YES;
				CLANG_WARN_EMPTY_BODY = YES;
				CLANG_WARN_ENUM_CONVERSION = YES;
				CLANG_WARN_INFINITE_RECURSION = YES;
				CLANG_WARN_INT_CONVERSION = YES;
				CLANG_WARN_NON_LITERAL_NULL_CONVERSION = YES;
				CLANG_WARN_OBJC_IMPLICIT_RETAIN_SELF = YES;
				CLANG_WARN_OBJC_LITERAL_CONVERSION = YES;
				CLANG_WARN_OBJC_ROOT_CLASS = YES_ERROR;
				CLANG_WARN_QUOTED_INCLUDE_IN_FRAMEWORK_HEADER = YES;
				CLANG_WARN_RANGE_LOOP_ANALYSIS = YES;
				CLANG_WARN_STRICT_PROTOTYPES = YES;
				CLANG_WARN_SUSPICIOUS_MOVE = YES;
				CLANG_WARN_UNGUARDED_AVAILABILITY = YES_AGGRESSIVE;
				CLANG_WARN_UNREACHABLE_CODE = YES;
				CLANG_WARN__DUPLICATE_METHOD_MATCH = YES;
				COPY_PHASE_STRIP = NO;
				DEBUG_INFORMATION_FORMAT = "dwarf-with-dsym";
				ENABLE_NS_ASSERTIONS = NO;
				ENABLE_STRICT_OBJC_MSGSEND = YES;
				GCC_C_LANGUAGE_STANDARD = gnu11;
				GCC_NO_COMMON_BLOCKS = YES;
				GCC_WARN_64_TO_32_BIT_CONVERSION = YES;
				GCC_WARN_ABOUT_RETURN_TYPE = YES_ERROR;
				GCC_WARN_UNDECLARED_SELECTOR = YES;
				GCC_WARN_UNINITIALIZED_AUTOS = YES_AGGRESSIVE;
				GCC_WARN_UNUSED_FUNCTION = YES;
				GCC_WARN_UNUSED_VARIABLE = YES;
				IPHONEOS_DEPLOYMENT_TARGET = 14.5;
				MTL_ENABLE_DEBUG_INFO = NO;
				MTL_FAST_MATH = YES;
				SDKROOT = iphoneos;
				SWIFT_COMPILATION_MODE = wholemodule;
				SWIFT_OPTIMIZATION_LEVEL = "-O";
				VALIDATE_PRODUCT = YES;
			};
			name = Release;
		};
		74749FAE26E58DE50070D920 /* Debug */ = {
			isa = XCBuildConfiguration;
			buildSettings = {
				ASSETCATALOG_COMPILER_APPICON_NAME = AppIcon;
				ASSETCATALOG_COMPILER_GLOBAL_ACCENT_COLOR_NAME = AccentColor;
				CODE_SIGN_STYLE = Automatic;
				DEVELOPMENT_TEAM = 28694ZF259;
				INFOPLIST_FILE = L1/Info.plist;
				LD_RUNPATH_SEARCH_PATHS = (
					"$(inherited)",
					"@executable_path/Frameworks",
				);
				PRODUCT_BUNDLE_IDENTIFIER = none.L1;
				PRODUCT_NAME = "$(TARGET_NAME)";
				SWIFT_VERSION = 5.0;
				TARGETED_DEVICE_FAMILY = "1,2";
			};
			name = Debug;
		};
		74749FAF26E58DE50070D920 /* Release */ = {
			isa = XCBuildConfiguration;
			buildSettings = {
				ASSETCATALOG_COMPILER_APPICON_NAME = AppIcon;
				ASSETCATALOG_COMPILER_GLOBAL_ACCENT_COLOR_NAME = AccentColor;
				CODE_SIGN_STYLE = Automatic;
				DEVELOPMENT_TEAM = 28694ZF259;
				INFOPLIST_FILE = L1/Info.plist;
				LD_RUNPATH_SEARCH_PATHS = (
					"$(inherited)",
					"@executable_path/Frameworks",
				);
				PRODUCT_BUNDLE_IDENTIFIER = none.L1;
				PRODUCT_NAME = "$(TARGET_NAME)";
				SWIFT_VERSION = 5.0;
				TARGETED_DEVICE_FAMILY = "1,2";
			};
			name = Release;
		};
/* End XCBuildConfiguration section */

/* Begin XCConfigurationList section */
		74749F9426E58DE40070D920 /* Build configuration list for PBXProject "L1" */ = {
			isa = XCConfigurationList;
			buildConfigurations = (
				74749FAB26E58DE50070D920 /* Debug */,
				74749FAC26E58DE50070D920 /* Release */,
			);
			defaultConfigurationIsVisible = 0;
			defaultConfigurationName = Release;
		};
		74749FAD26E58DE50070D920 /* Build configuration list for PBXNativeTarget "L1" */ = {
			isa = XCConfigurationList;
			buildConfigurations = (
				74749FAE26E58DE50070D920 /* Debug */,
				74749FAF26E58DE50070D920 /* Release */,
			);
			defaultConfigurationIsVisible = 0;
			defaultConfigurationName = Release;
		};
/* End XCConfigurationList section */
	};
	rootObject = 74749F9126E58DE40070D920 /* Project object */;
}
